
Microsoft Visual Studio Solution File, Format Version 12.00
# Visual Studio Version 16
VisualStudioVersion = 16.0.29519.87
MinimumVisualStudioVersion = 10.0.40219.1
Project("{FAE04EC0-301F-11D3-BF4B-00C04F79EFBC}") = "Zadatak1", "Zadatak1\Zadatak1.csproj", "{D2A8ABC6-D90A-4DAA-A27C-B8A8A4481900}"
EndProject
Project("{2150E333-8FDC-42A3-9474-1A3956D46DE8}") = "Slike", "Slike", "{05E6007C-AF55-4FF3-A397-13D2D8B004BD}"
	ProjectSection(SolutionItems) = preProject
		Zadatak1\color.jpg = Zadatak1\color.jpg
		Slike\colors.jpg = Slike\colors.jpg
		Slike\ellipse.png = Slike\ellipse.png
		Slike\image.png = Slike\image.png
		Slike\polygon.png = Slike\polygon.png
		Slike\rectangle3.png = Slike\rectangle3.png
	EndProjectSection
EndProject
Global
	GlobalSection(SolutionConfigurationPlatforms) = preSolution
		Debug|Any CPU = Debug|Any CPU
		Release|Any CPU = Release|Any CPU
	EndGlobalSection
	GlobalSection(ProjectConfigurationPlatforms) = postSolution
		{D2A8ABC6-D90A-4DAA-A27C-B8A8A4481900}.Debug|Any CPU.ActiveCfg = Debug|Any CPU
		{D2A8ABC6-D90A-4DAA-A27C-B8A8A4481900}.Debug|Any CPU.Build.0 = Debug|Any CPU
		{D2A8ABC6-D90A-4DAA-A27C-B8A8A4481900}.Release|Any CPU.ActiveCfg = Release|Any CPU
		{D2A8ABC6-D90A-4DAA-A27C-B8A8A4481900}.Release|Any CPU.Build.0 = Release|Any CPU
	EndGlobalSection
	GlobalSection(SolutionProperties) = preSolution
		HideSolutionNode = FALSE
	EndGlobalSection
	GlobalSection(ExtensibilityGlobals) = postSolution
		SolutionGuid = {F940963B-A0C7-4BC1-8012-9CF64B7C3B58}
	EndGlobalSection
EndGlobal
